
Microsoft Visual Studio Solution File, Format Version 12.00
Project("{2150E333-8FDC-42A3-9474-1A3956D46DE8}") = "Core", "Core", "{9C8D568F-C8CA-412B-B860-DE55F2E32677}"
EndProject
Project("{2150E333-8FDC-42A3-9474-1A3956D46DE8}") = "Infrastructure", "Infrastructure", "{0F688DA7-33C6-4C5C-8A79-870228171A22}"
EndProject
Project("{FAE04EC0-301F-11D3-BF4B-00C04F79EFBC}") = "Domain", "Domain\Domain.csproj", "{7A6D19B1-3980-4E33-8147-2027C86CB10A}"
EndProject
Project("{FAE04EC0-301F-11D3-BF4B-00C04F79EFBC}") = "Repositories", "Repositories\Repositories.csproj", "{760238DD-673A-4DD0-AEDE-DDE50BC2663D}"
EndProject
Project("{2150E333-8FDC-42A3-9474-1A3956D46DE8}") = "Application", "Application", "{0717EC4F-0DAF-4FDA-84B4-B0BA716F38B7}"
EndProject
Project("{FAE04EC0-301F-11D3-BF4B-00C04F79EFBC}") = "Services", "Services\Services.csproj", "{F1F7E57C-7EE5-47A9-846B-7B1102D078F7}"
EndProject
Project("{2150E333-8FDC-42A3-9474-1A3956D46DE8}") = "Web", "Web", "{4505296B-BAE6-44ED-A779-9E5596E83AE4}"
EndProject
Project("{FAE04EC0-301F-11D3-BF4B-00C04F79EFBC}") = "SnappFoodApi", "SnappFoodApi\SnappFoodApi.csproj", "{4DCCC3C8-460F-4496-91CF-2F5E675952CE}"
EndProject
Project("{FAE04EC0-301F-11D3-BF4B-00C04F79EFBC}") = "ServicesTests", "ServicesTests\ServicesTests.csproj", "{70272F8E-5CE0-4CBF-A194-6BD9AF143039}"
EndProject
Project("{FAE04EC0-301F-11D3-BF4B-00C04F79EFBC}") = "InfrastructuresTests", "InfrastructuresTests\InfrastructuresTests.csproj", "{D2DFADBD-9F48-4E88-A493-0B06BB314D9E}"
EndProject
Project("{FAE04EC0-301F-11D3-BF4B-00C04F79EFBC}") = "DataAccess", "DataAccess\DataAccess.csproj", "{41AF4E67-85B3-491E-8E7B-8E6A2F55A064}"
EndProject
Global
	GlobalSection(SolutionConfigurationPlatforms) = preSolution
		Debug|Any CPU = Debug|Any CPU
		Release|Any CPU = Release|Any CPU
	EndGlobalSection
	GlobalSection(NestedProjects) = preSolution
		{7A6D19B1-3980-4E33-8147-2027C86CB10A} = {9C8D568F-C8CA-412B-B860-DE55F2E32677}
		{760238DD-673A-4DD0-AEDE-DDE50BC2663D} = {0F688DA7-33C6-4C5C-8A79-870228171A22}
		{F1F7E57C-7EE5-47A9-846B-7B1102D078F7} = {0717EC4F-0DAF-4FDA-84B4-B0BA716F38B7}
		{4DCCC3C8-460F-4496-91CF-2F5E675952CE} = {4505296B-BAE6-44ED-A779-9E5596E83AE4}
		{70272F8E-5CE0-4CBF-A194-6BD9AF143039} = {0717EC4F-0DAF-4FDA-84B4-B0BA716F38B7}
		{D2DFADBD-9F48-4E88-A493-0B06BB314D9E} = {0F688DA7-33C6-4C5C-8A79-870228171A22}
		{41AF4E67-85B3-491E-8E7B-8E6A2F55A064} = {0F688DA7-33C6-4C5C-8A79-870228171A22}
	EndGlobalSection
	GlobalSection(ProjectConfigurationPlatforms) = postSolution
		{7A6D19B1-3980-4E33-8147-2027C86CB10A}.Debug|Any CPU.ActiveCfg = Debug|Any CPU
		{7A6D19B1-3980-4E33-8147-2027C86CB10A}.Debug|Any CPU.Build.0 = Debug|Any CPU
		{7A6D19B1-3980-4E33-8147-2027C86CB10A}.Release|Any CPU.ActiveCfg = Release|Any CPU
		{7A6D19B1-3980-4E33-8147-2027C86CB10A}.Release|Any CPU.Build.0 = Release|Any CPU
		{760238DD-673A-4DD0-AEDE-DDE50BC2663D}.Debug|Any CPU.ActiveCfg = Debug|Any CPU
		{760238DD-673A-4DD0-AEDE-DDE50BC2663D}.Debug|Any CPU.Build.0 = Debug|Any CPU
		{760238DD-673A-4DD0-AEDE-DDE50BC2663D}.Release|Any CPU.ActiveCfg = Release|Any CPU
		{760238DD-673A-4DD0-AEDE-DDE50BC2663D}.Release|Any CPU.Build.0 = Release|Any CPU
		{F1F7E57C-7EE5-47A9-846B-7B1102D078F7}.Debug|Any CPU.ActiveCfg = Debug|Any CPU
		{F1F7E57C-7EE5-47A9-846B-7B1102D078F7}.Debug|Any CPU.Build.0 = Debug|Any CPU
		{F1F7E57C-7EE5-47A9-846B-7B1102D078F7}.Release|Any CPU.ActiveCfg = Release|Any CPU
		{F1F7E57C-7EE5-47A9-846B-7B1102D078F7}.Release|Any CPU.Build.0 = Release|Any CPU
		{4DCCC3C8-460F-4496-91CF-2F5E675952CE}.Debug|Any CPU.ActiveCfg = Debug|Any CPU
		{4DCCC3C8-460F-4496-91CF-2F5E675952CE}.Debug|Any CPU.Build.0 = Debug|Any CPU
		{4DCCC3C8-460F-4496-91CF-2F5E675952CE}.Release|Any CPU.ActiveCfg = Release|Any CPU
		{4DCCC3C8-460F-4496-91CF-2F5E675952CE}.Release|Any CPU.Build.0 = Release|Any CPU
		{70272F8E-5CE0-4CBF-A194-6BD9AF143039}.Debug|Any CPU.ActiveCfg = Debug|Any CPU
		{70272F8E-5CE0-4CBF-A194-6BD9AF143039}.Debug|Any CPU.Build.0 = Debug|Any CPU
		{70272F8E-5CE0-4CBF-A194-6BD9AF143039}.Release|Any CPU.ActiveCfg = Release|Any CPU
		{70272F8E-5CE0-4CBF-A194-6BD9AF143039}.Release|Any CPU.Build.0 = Release|Any CPU
		{D2DFADBD-9F48-4E88-A493-0B06BB314D9E}.Debug|Any CPU.ActiveCfg = Debug|Any CPU
		{D2DFADBD-9F48-4E88-A493-0B06BB314D9E}.Debug|Any CPU.Build.0 = Debug|Any CPU
		{D2DFADBD-9F48-4E88-A493-0B06BB314D9E}.Release|Any CPU.ActiveCfg = Release|Any CPU
		{D2DFADBD-9F48-4E88-A493-0B06BB314D9E}.Release|Any CPU.Build.0 = Release|Any CPU
		{41AF4E67-85B3-491E-8E7B-8E6A2F55A064}.Debug|Any CPU.ActiveCfg = Debug|Any CPU
		{41AF4E67-85B3-491E-8E7B-8E6A2F55A064}.Debug|Any CPU.Build.0 = Debug|Any CPU
		{41AF4E67-85B3-491E-8E7B-8E6A2F55A064}.Release|Any CPU.ActiveCfg = Release|Any CPU
		{41AF4E67-85B3-491E-8E7B-8E6A2F55A064}.Release|Any CPU.Build.0 = Release|Any CPU
	EndGlobalSection
EndGlobal
